
Microsoft Visual Studio Solution File, Format Version 12.00
# Visual Studio 15
VisualStudioVersion = 15.0.28010.2016
MinimumVisualStudioVersion = 10.0.40219.1
Project("{FAE04EC0-301F-11D3-BF4B-00C04F79EFBC}") = "ThreadTest", "ThreadTest\ThreadTest.csproj", "{8C18B3BC-0884-4C78-ADBD-5C0A024ED06B}"
EndProject
Global
	GlobalSection(SolutionConfigurationPlatforms) = preSolution
		Debug|Any CPU = Debug|Any CPU
		Release|Any CPU = Release|Any CPU
	EndGlobalSection
	GlobalSection(ProjectConfigurationPlatforms) = postSolution
		{8C18B3BC-0884-4C78-ADBD-5C0A024ED06B}.Debug|Any CPU.ActiveCfg = Debug|Any CPU
		{8C18B3BC-0884-4C78-ADBD-5C0A024ED06B}.Debug|Any CPU.Build.0 = Debug|Any CPU
		{8C18B3BC-0884-4C78-ADBD-5C0A024ED06B}.Release|Any CPU.ActiveCfg = Release|Any CPU
		{8C18B3BC-0884-4C78-ADBD-5C0A024ED06B}.Release|Any CPU.Build.0 = Release|Any CPU
	EndGlobalSection
	GlobalSection(SolutionProperties) = preSolution
		HideSolutionNode = FALSE
	EndGlobalSection
	GlobalSection(ExtensibilityGlobals) = postSolution
		SolutionGuid = {10F74E0D-53B3-44D2-982F-A25A51E2E6FA}
	EndGlobalSection
EndGlobal
